{
  "name": "harvest-monthly-expenses",
  "version": "0.2.0",
  "lockfileVersion": 2,
  "requires": true,
  "packages": {
    "": {
      "name": "harvest-monthly-expenses",
      "version": "0.2.0",
      "license": "MIT",
      "dependencies": {
        "arg": "^5.0.0",
        "csv-stringify": "^5.3.3",
        "esm": "^3.2.25",
        "harvest-v2": "^3.0.0",
        "moment": "^2.24.0"
      },
      "bin": {
        "harvest-monthly-expenses": "bin/harvest-monthly-expenses"
      }
    },
    "node_modules/arg": {
      "version": "5.0.1",
      "resolved": "https://registry.npmjs.org/arg/-/arg-5.0.1.tgz",
      "integrity": "sha512-e0hDa9H2Z9AwFkk2qDlwhoMYE4eToKarchkQHovNdLTCYMHZHeRjI71crOh+dio4K6u1IcwubQqo79Ga4CyAQA=="
    },
    "node_modules/csv-stringify": {
      "version": "5.6.5",
      "resolved": "https://registry.npmjs.org/csv-stringify/-/csv-stringify-5.6.5.tgz",
      "integrity": "sha512-PjiQ659aQ+fUTQqSrd1XEDnOr52jh30RBurfzkscaE2tPaFsDH5wOAHJiw8XAHphRknCwMUE9KRayc4K/NbO8A=="
    },
    "node_modules/esm": {
      "version": "3.2.25",
      "resolved": "https://registry.npmjs.org/esm/-/esm-3.2.25.tgz",
      "integrity": "sha512-U1suiZ2oDVWv4zPO56S0NcR5QriEahGtdN2OR6FiOG4WJvcjBVFB0qI4+eKoWFH483PKGuLuu6V8Z4T5g63UVA==",
      "engines": {
        "node": ">=6"
      }
    },
    "node_modules/harvest-v2": {
      "version": "3.0.0",
      "resolved": "https://registry.npmjs.org/harvest-v2/-/harvest-v2-3.0.0.tgz",
      "integrity": "sha512-eujuw/1WEKA/40GGm3NbyyAcMxUvdezHRWoGA2XVAo05S42NVbXaeox0eTSbuusbEKesvH5c8CuEZrlgH3aLFg==",
      "dependencies": {
        "lodash.pick": "^4.4.0",
        "node-fetch": "^2.6.1"
      }
    },
    "node_modules/lodash.pick": {
      "version": "4.4.0",
      "resolved": "https://registry.npmjs.org/lodash.pick/-/lodash.pick-4.4.0.tgz",
      "integrity": "sha1-UvBWEP/53tQiYRRB7R/BI6AwAbM="
    },
    "node_modules/moment": {
      "version": "2.29.1",
      "resolved": "https://registry.npmjs.org/moment/-/moment-2.29.1.tgz",
      "integrity": "sha512-kHmoybcPV8Sqy59DwNDY3Jefr64lK/by/da0ViFcuA4DH0vQg5Q6Ze5VimxkfQNSC+Mls/Kx53s7TjP1RhFEDQ==",
      "engines": {
        "node": "*"
      }
    },
    "node_modules/node-fetch": {
      "version": "2.6.5",
      "resolved": "https://registry.npmjs.org/node-fetch/-/node-fetch-2.6.5.tgz",
      "integrity": "sha512-mmlIVHJEu5rnIxgEgez6b9GgWXbkZj5YZ7fx+2r94a2E+Uirsp6HsPTPlomfdHtpt/B0cdKviwkoaM6pyvUOpQ==",
      "dependencies": {
        "whatwg-url": "^5.0.0"
      },
      "engines": {
        "node": "4.x || >=6.0.0"
      }
    },
    "node_modules/tr46": {
      "version": "0.0.3",
      "resolved": "https://registry.npmjs.org/tr46/-/tr46-0.0.3.tgz",
      "integrity": "sha1-gYT9NH2snNwYWZLzpmIuFLnZq2o="
    },
    "node_modules/webidl-conversions": {
      "version": "3.0.1",
      "resolved": "https://registry.npmjs.org/webidl-conversions/-/webidl-conversions-3.0.1.tgz",
      "integrity": "sha1-JFNCdeKnvGvnvIZhHMFq4KVlSHE="
    },
    "node_modules/whatwg-url": {
      "version": "5.0.0",
      "resolved": "https://registry.npmjs.org/whatwg-url/-/whatwg-url-5.0.0.tgz",
      "integrity": "sha1-lmRU6HZUYuN2RNNib2dCzotwll0=",
      "dependencies": {
        "tr46": "~0.0.3",
        "webidl-conversions": "^3.0.0"
      }
    }
  },
  "dependencies": {
    "arg": {
      "version": "5.0.1",
      "resolved": "https://registry.npmjs.org/arg/-/arg-5.0.1.tgz",
      "integrity": "sha512-e0hDa9H2Z9AwFkk2qDlwhoMYE4eToKarchkQHovNdLTCYMHZHeRjI71crOh+dio4K6u1IcwubQqo79Ga4CyAQA=="
    },
    "csv-stringify": {
      "version": "5.6.5",
      "resolved": "https://registry.npmjs.org/csv-stringify/-/csv-stringify-5.6.5.tgz",
      "integrity": "sha512-PjiQ659aQ+fUTQqSrd1XEDnOr52jh30RBurfzkscaE2tPaFsDH5wOAHJiw8XAHphRknCwMUE9KRayc4K/NbO8A=="
    },
    "esm": {
      "version": "3.2.25",
      "resolved": "https://registry.npmjs.org/esm/-/esm-3.2.25.tgz",
      "integrity": "sha512-U1suiZ2oDVWv4zPO56S0NcR5QriEahGtdN2OR6FiOG4WJvcjBVFB0qI4+eKoWFH483PKGuLuu6V8Z4T5g63UVA=="
    },
    "harvest-v2": {
      "version": "3.0.0",
      "resolved": "https://registry.npmjs.org/harvest-v2/-/harvest-v2-3.0.0.tgz",
      "integrity": "sha512-eujuw/1WEKA/40GGm3NbyyAcMxUvdezHRWoGA2XVAo05S42NVbXaeox0eTSbuusbEKesvH5c8CuEZrlgH3aLFg==",
      "requires": {
        "lodash.pick": "^4.4.0",
        "node-fetch": "^2.6.1"
      }
    },
    "lodash.pick": {
      "version": "4.4.0",
      "resolved": "https://registry.npmjs.org/lodash.pick/-/lodash.pick-4.4.0.tgz",
      "integrity": "sha1-UvBWEP/53tQiYRRB7R/BI6AwAbM="
    },
    "moment": {
      "version": "2.29.1",
      "resolved": "https://registry.npmjs.org/moment/-/moment-2.29.1.tgz",
      "integrity": "sha512-kHmoybcPV8Sqy59DwNDY3Jefr64lK/by/da0ViFcuA4DH0vQg5Q6Ze5VimxkfQNSC+Mls/Kx53s7TjP1RhFEDQ=="
    },
    "node-fetch": {
      "version": "2.6.5",
      "resolved": "https://registry.npmjs.org/node-fetch/-/node-fetch-2.6.5.tgz",
      "integrity": "sha512-mmlIVHJEu5rnIxgEgez6b9GgWXbkZj5YZ7fx+2r94a2E+Uirsp6HsPTPlomfdHtpt/B0cdKviwkoaM6pyvUOpQ==",
      "requires": {
        "whatwg-url": "^5.0.0"
      }
    },
    "tr46": {
      "version": "0.0.3",
      "resolved": "https://registry.npmjs.org/tr46/-/tr46-0.0.3.tgz",
      "integrity": "sha1-gYT9NH2snNwYWZLzpmIuFLnZq2o="
    },
    "webidl-conversions": {
      "version": "3.0.1",
      "resolved": "https://registry.npmjs.org/webidl-conversions/-/webidl-conversions-3.0.1.tgz",
      "integrity": "sha1-JFNCdeKnvGvnvIZhHMFq4KVlSHE="
    },
    "whatwg-url": {
      "version": "5.0.0",
      "resolved": "https://registry.npmjs.org/whatwg-url/-/whatwg-url-5.0.0.tgz",
      "integrity": "sha1-lmRU6HZUYuN2RNNib2dCzotwll0=",
      "requires": {
        "tr46": "~0.0.3",
        "webidl-conversions": "^3.0.0"
      }
    }
  }
}
